
Microsoft Visual Studio Solution File, Format Version 12.00
# Visual Studio Version 17
VisualStudioVersion = 17.7.34202.233
MinimumVisualStudioVersion = 10.0.40219.1
Project("{9A19103F-16F7-4668-BE54-9A1E7A4F7556}") = "SeleniumExamples", "SeleniumProjects\SeleniumExamples.csproj", "{32DE6A95-5BC3-4811-A9FC-F5A7C7219774}"
EndProject
Project("{9A19103F-16F7-4668-BE54-9A1E7A4F7556}") = "SeleniumNUnitExamples", "SeleniumNUnitExamples\SeleniumNUnitExamples.csproj", "{ADD370A7-5A50-4AB0-B1B1-75AD596594EE}"
EndProject
Project("{9A19103F-16F7-4668-BE54-9A1E7A4F7556}") = "Assignment", "Assignment\Assignment.csproj", "{CAFDB1DF-C1A9-4900-B385-F52A7A057F34}"
EndProject
Project("{9A19103F-16F7-4668-BE54-9A1E7A4F7556}") = "AssignmentNUnit", "AssignmentNunit\AssignmentNUnit.csproj", "{977EF8B0-F1BB-4929-9238-D867CD588CA4}"
EndProject
Project("{9A19103F-16F7-4668-BE54-9A1E7A4F7556}") = "Rediff", "Rediff\Rediff.csproj", "{9E3734BD-BBCF-4690-A141-0BF32DD0F858}"
EndProject
Project("{2150E333-8FDC-42A3-9474-1A3956D46DE8}") = "Naaptol", "Naaptol", "{9A92257E-FF1C-494A-A62D-EB7CF7E4901F}"
EndProject
Project("{9A19103F-16F7-4668-BE54-9A1E7A4F7556}") = "NaaptolWebsite", "NaaptolWebsite\NaaptolWebsite.csproj", "{7FC21571-0465-4C49-AB87-488CAD58038C}"
EndProject
Project("{FAE04EC0-301F-11D3-BF4B-00C04F79EFBC}") = "BunnyCart", "BunnyCart\BunnyCart.csproj", "{5EE18F4D-7E3B-43DA-9CAA-CF3F9DD6B5F1}"
EndProject
Global
	GlobalSection(SolutionConfigurationPlatforms) = preSolution
		Debug|Any CPU = Debug|Any CPU
		Release|Any CPU = Release|Any CPU
	EndGlobalSection
	GlobalSection(ProjectConfigurationPlatforms) = postSolution
		{32DE6A95-5BC3-4811-A9FC-F5A7C7219774}.Debug|Any CPU.ActiveCfg = Debug|Any CPU
		{32DE6A95-5BC3-4811-A9FC-F5A7C7219774}.Debug|Any CPU.Build.0 = Debug|Any CPU
		{32DE6A95-5BC3-4811-A9FC-F5A7C7219774}.Release|Any CPU.ActiveCfg = Release|Any CPU
		{32DE6A95-5BC3-4811-A9FC-F5A7C7219774}.Release|Any CPU.Build.0 = Release|Any CPU
		{ADD370A7-5A50-4AB0-B1B1-75AD596594EE}.Debug|Any CPU.ActiveCfg = Debug|Any CPU
		{ADD370A7-5A50-4AB0-B1B1-75AD596594EE}.Debug|Any CPU.Build.0 = Debug|Any CPU
		{ADD370A7-5A50-4AB0-B1B1-75AD596594EE}.Release|Any CPU.ActiveCfg = Release|Any CPU
		{ADD370A7-5A50-4AB0-B1B1-75AD596594EE}.Release|Any CPU.Build.0 = Release|Any CPU
		{CAFDB1DF-C1A9-4900-B385-F52A7A057F34}.Debug|Any CPU.ActiveCfg = Debug|Any CPU
		{CAFDB1DF-C1A9-4900-B385-F52A7A057F34}.Debug|Any CPU.Build.0 = Debug|Any CPU
		{CAFDB1DF-C1A9-4900-B385-F52A7A057F34}.Release|Any CPU.ActiveCfg = Release|Any CPU
		{CAFDB1DF-C1A9-4900-B385-F52A7A057F34}.Release|Any CPU.Build.0 = Release|Any CPU
		{977EF8B0-F1BB-4929-9238-D867CD588CA4}.Debug|Any CPU.ActiveCfg = Debug|Any CPU
		{977EF8B0-F1BB-4929-9238-D867CD588CA4}.Debug|Any CPU.Build.0 = Debug|Any CPU
		{977EF8B0-F1BB-4929-9238-D867CD588CA4}.Release|Any CPU.ActiveCfg = Release|Any CPU
		{977EF8B0-F1BB-4929-9238-D867CD588CA4}.Release|Any CPU.Build.0 = Release|Any CPU
		{9E3734BD-BBCF-4690-A141-0BF32DD0F858}.Debug|Any CPU.ActiveCfg = Debug|Any CPU
		{9E3734BD-BBCF-4690-A141-0BF32DD0F858}.Debug|Any CPU.Build.0 = Debug|Any CPU
		{9E3734BD-BBCF-4690-A141-0BF32DD0F858}.Release|Any CPU.ActiveCfg = Release|Any CPU
		{9E3734BD-BBCF-4690-A141-0BF32DD0F858}.Release|Any CPU.Build.0 = Release|Any CPU
		{7FC21571-0465-4C49-AB87-488CAD58038C}.Debug|Any CPU.ActiveCfg = Debug|Any CPU
		{7FC21571-0465-4C49-AB87-488CAD58038C}.Debug|Any CPU.Build.0 = Debug|Any CPU
		{7FC21571-0465-4C49-AB87-488CAD58038C}.Release|Any CPU.ActiveCfg = Release|Any CPU
		{7FC21571-0465-4C49-AB87-488CAD58038C}.Release|Any CPU.Build.0 = Release|Any CPU
		{5EE18F4D-7E3B-43DA-9CAA-CF3F9DD6B5F1}.Debug|Any CPU.ActiveCfg = Debug|Any CPU
		{5EE18F4D-7E3B-43DA-9CAA-CF3F9DD6B5F1}.Debug|Any CPU.Build.0 = Debug|Any CPU
		{5EE18F4D-7E3B-43DA-9CAA-CF3F9DD6B5F1}.Release|Any CPU.ActiveCfg = Release|Any CPU
		{5EE18F4D-7E3B-43DA-9CAA-CF3F9DD6B5F1}.Release|Any CPU.Build.0 = Release|Any CPU
	EndGlobalSection
	GlobalSection(SolutionProperties) = preSolution
		HideSolutionNode = FALSE
	EndGlobalSection
	GlobalSection(NestedProjects) = preSolution
		{7FC21571-0465-4C49-AB87-488CAD58038C} = {9A92257E-FF1C-494A-A62D-EB7CF7E4901F}
	EndGlobalSection
	GlobalSection(ExtensibilityGlobals) = postSolution
		SolutionGuid = {568E97DC-3005-45C7-8919-7B5E186C6BB4}
	EndGlobalSection
EndGlobal
