
Microsoft Visual Studio Solution File, Format Version 12.00
# Visual Studio Version 17
VisualStudioVersion = 17.8.34316.72
MinimumVisualStudioVersion = 10.0.40219.1
Project("{FAE04EC0-301F-11D3-BF4B-00C04F79EFBC}") = "Google", "Google\Google.csproj", "{97F0F386-0763-44C0-8B9A-38643A1EF921}"
EndProject
Global
	GlobalSection(SolutionConfigurationPlatforms) = preSolution
		Debug|Any CPU = Debug|Any CPU
		Release|Any CPU = Release|Any CPU
	EndGlobalSection
	GlobalSection(ProjectConfigurationPlatforms) = postSolution
		{97F0F386-0763-44C0-8B9A-38643A1EF921}.Debug|Any CPU.ActiveCfg = Debug|Any CPU
		{97F0F386-0763-44C0-8B9A-38643A1EF921}.Debug|Any CPU.Build.0 = Debug|Any CPU
		{97F0F386-0763-44C0-8B9A-38643A1EF921}.Release|Any CPU.ActiveCfg = Release|Any CPU
		{97F0F386-0763-44C0-8B9A-38643A1EF921}.Release|Any CPU.Build.0 = Release|Any CPU
	EndGlobalSection
	GlobalSection(SolutionProperties) = preSolution
		HideSolutionNode = FALSE
	EndGlobalSection
	GlobalSection(ExtensibilityGlobals) = postSolution
		SolutionGuid = {EE1C21E7-EA5F-4AB2-83C2-E727B125D630}
	EndGlobalSection
EndGlobal
